
Microsoft Visual Studio Solution File, Format Version 12.00
# Visual Studio 15
VisualStudioVersion = 15.0.26228.9
MinimumVisualStudioVersion = 10.0.40219.1
Project("{FAE04EC0-301F-11D3-BF4B-00C04F79EFBC}") = "LKV2", "LKV2\LKV2.csproj", "{FDA70F4A-21EB-4D04-96BE-839D852CF53E}"
EndProject
Global
	GlobalSection(SolutionConfigurationPlatforms) = preSolution
		Debug|Any CPU = Debug|Any CPU
		Release|Any CPU = Release|Any CPU
	EndGlobalSection
	GlobalSection(ProjectConfigurationPlatforms) = postSolution
		{FDA70F4A-21EB-4D04-96BE-839D852CF53E}.Debug|Any CPU.ActiveCfg = Debug|Any CPU
		{FDA70F4A-21EB-4D04-96BE-839D852CF53E}.Debug|Any CPU.Build.0 = Debug|Any CPU
		{FDA70F4A-21EB-4D04-96BE-839D852CF53E}.Release|Any CPU.ActiveCfg = Release|Any CPU
		{FDA70F4A-21EB-4D04-96BE-839D852CF53E}.Release|Any CPU.Build.0 = Release|Any CPU
	EndGlobalSection
	GlobalSection(SolutionProperties) = preSolution
		HideSolutionNode = FALSE
	EndGlobalSection
EndGlobal
